
Microsoft Visual Studio Solution File, Format Version 12.00
# Visual Studio Version 17
VisualStudioVersion = 17.14.36121.58 d17.14
MinimumVisualStudioVersion = 10.0.40219.1
Project("{FAE04EC0-301F-11D3-BF4B-00C04F79EFBC}") = "BookmasterServer", "BookmasterServer.csproj", "{BD4A46ED-BA46-46C0-BAB7-5BE110AD58D0}"
EndProject
Global
	GlobalSection(SolutionConfigurationPlatforms) = preSolution
		Debug|Any CPU = Debug|Any CPU
		Release|Any CPU = Release|Any CPU
	EndGlobalSection
	GlobalSection(ProjectConfigurationPlatforms) = postSolution
		{BD4A46ED-BA46-46C0-BAB7-5BE110AD58D0}.Debug|Any CPU.ActiveCfg = Debug|Any CPU
		{BD4A46ED-BA46-46C0-BAB7-5BE110AD58D0}.Debug|Any CPU.Build.0 = Debug|Any CPU
		{BD4A46ED-BA46-46C0-BAB7-5BE110AD58D0}.Release|Any CPU.ActiveCfg = Release|Any CPU
		{BD4A46ED-BA46-46C0-BAB7-5BE110AD58D0}.Release|Any CPU.Build.0 = Release|Any CPU
	EndGlobalSection
	GlobalSection(SolutionProperties) = preSolution
		HideSolutionNode = FALSE
	EndGlobalSection
	GlobalSection(ExtensibilityGlobals) = postSolution
		SolutionGuid = {368C92D2-52DB-41CD-9442-EF17802E8D93}
	EndGlobalSection
EndGlobal
